
Microsoft Visual Studio Solution File, Format Version 12.00
# Visual Studio Version 16
VisualStudioVersion = 16.0.31205.134
MinimumVisualStudioVersion = 10.0.40219.1
Project("{FAE04EC0-301F-11D3-BF4B-00C04F79EFBC}") = "UnitTestProject1", "UnitTestProject1\UnitTestProject1.csproj", "{BCB03202-2232-4477-8A4E-9A7C388E2557}"
EndProject
Global
	GlobalSection(SolutionConfigurationPlatforms) = preSolution
		Debug|Any CPU = Debug|Any CPU
		Release|Any CPU = Release|Any CPU
	EndGlobalSection
	GlobalSection(ProjectConfigurationPlatforms) = postSolution
		{BCB03202-2232-4477-8A4E-9A7C388E2557}.Debug|Any CPU.ActiveCfg = Debug|Any CPU
		{BCB03202-2232-4477-8A4E-9A7C388E2557}.Debug|Any CPU.Build.0 = Debug|Any CPU
		{BCB03202-2232-4477-8A4E-9A7C388E2557}.Release|Any CPU.ActiveCfg = Release|Any CPU
		{BCB03202-2232-4477-8A4E-9A7C388E2557}.Release|Any CPU.Build.0 = Release|Any CPU
	EndGlobalSection
	GlobalSection(SolutionProperties) = preSolution
		HideSolutionNode = FALSE
	EndGlobalSection
	GlobalSection(ExtensibilityGlobals) = postSolution
		SolutionGuid = {BF5F6ECE-84E9-46F2-90E3-DA460188E480}
	EndGlobalSection
EndGlobal
